{
  "name": "phaser-parcel",
  "version": "1.0.0",
  "lockfileVersion": 1,
  "requires": true,
  "dependencies": {
    "colors.css": {
      "version": "3.0.0",
      "resolved": "https://registry.npmjs.org/colors.css/-/colors.css-3.0.0.tgz",
      "integrity": "sha1-URz0L7inGZqMvvSciKTqTx2Pnvw="
    },
    "eventemitter3": {
      "version": "3.1.0",
      "resolved": "https://registry.npmjs.org/eventemitter3/-/eventemitter3-3.1.0.tgz",
      "integrity": "sha512-ivIvhpq/Y0uSjcHDcOIccjmYjGLcP09MFGE7ysAwkAvkXfpZlC985pH2/ui64DKazbTW/4kN3yqozUxlXzI6cA=="
    },
    "phaser": {
      "version": "3.10.1",
      "resolved": "https://registry.npmjs.org/phaser/-/phaser-3.10.1.tgz",
      "integrity": "sha512-+JBisNlWvY/T+YjyuoswSG62S/j6Y0YYd5gjt2uY5KAXl4v7QCPnto4Wpx8XXWrJ0R5RV0p4jZXAPgKEYjVynQ==",
      "requires": {
        "eventemitter3": "^3.1.0"
      }
    }
  }
}
